<?xml version="1.0" encoding="utf-8"?>
<Project ToolsVersion="4.0" xmlns="http://schemas.microsoft.com/developer/msbuild/2003">
  <ItemGroup>
    <Filter Include="소스 파일">
      <UniqueIdentifier>{4FC737F1-C7A5-4376-A066-2A32D752A2FF}</UniqueIdentifier>
      <Extensions>cpp;c;cc;cxx;def;odl;idl;hpj;bat;asm;asmx</Extensions>
    </Filter>
    <Filter Include="헤더 파일">
      <UniqueIdentifier>{93995380-89BD-4b04-88EB-625FBE52EBFB}</UniqueIdentifier>
      <Extensions>h;hh;hpp;hxx;hm;inl;inc;xsd</Extensions>
    </Filter>
    <Filter Include="리소스 파일">
      <UniqueIdentifier>{67DA6AB6-F800-4c08-8B7A-83BB121AAD01}</UniqueIdentifier>
      <Extensions>rc;ico;cur;bmp;dlg;rc2;rct;bin;rgs;gif;jpg;jpeg;jpe;resx;tiff;tif;png;wav;mfcribbon-ms</Extensions>
    </Filter>
    <Filter Include="소스 파일\Game">
      <UniqueIdentifier>{7a468cc6-ce92-4d60-8f6d-7cb375df809c}</UniqueIdentifier>
    </Filter>
    <Filter Include="소스 파일\Utils">
      <UniqueIdentifier>{ce8f322e-bf1c-43f9-8dbe-9fea920a6e69}</UniqueIdentifier>
    </Filter>
    <Filter Include="소스 파일\Graphics">
      <UniqueIdentifier>{abfe6c48-d164-493a-9826-d59337d332c5}</UniqueIdentifier>
    </Filter>
    <Filter Include="헤더 파일\Game">
      <UniqueIdentifier>{019a5589-b3aa-4b83-a4f4-81fec83f742d}</UniqueIdentifier>
    </Filter>
    <Filter Include="헤더 파일\Graphcis">
      <UniqueIdentifier>{ffa524d6-be1f-4b65-a2bb-be113aa56720}</UniqueIdentifier>
    </Filter>
    <Filter Include="헤더 파일\Utils">
      <UniqueIdentifier>{0f15c77f-9d48-4b88-ac25-66802b363d60}</UniqueIdentifier>
    </Filter>
    <Filter Include="헤더 파일\Input">
      <UniqueIdentifier>{68eaab36-20f5-4a80-8908-647985ca481e}</UniqueIdentifier>
    </Filter>
    <Filter Include="소스 파일\Input">
      <UniqueIdentifier>{61be0654-084b-4115-b98f-bf6af9775b49}</UniqueIdentifier>
    </Filter>
    <Filter Include="Shaders">
      <UniqueIdentifier>{96244e70-1300-4814-a2c6-3acb6c69f084}</UniqueIdentifier>
    </Filter>
    <Filter Include="소스 파일\Game\Level">
      <UniqueIdentifier>{b0b33a42-c4a7-4f05-b9a1-2a71875a013d}</UniqueIdentifier>
    </Filter>
    <Filter Include="소스 파일\Game\Object">
      <UniqueIdentifier>{5cd047df-f7b5-4016-93a4-e241df3b6383}</UniqueIdentifier>
    </Filter>
    <Filter Include="헤더 파일\Game\Level">
      <UniqueIdentifier>{e2c9e679-f1a4-4057-931e-10f066aae101}</UniqueIdentifier>
    </Filter>
    <Filter Include="헤더 파일\Game\Object">
      <UniqueIdentifier>{9c7b6891-0247-4d15-a033-9424d94aaf53}</UniqueIdentifier>
    </Filter>
    <Filter Include="리소스 파일\Background">
      <UniqueIdentifier>{cd42c4f2-a214-4d8e-9dfc-82329ff5db59}</UniqueIdentifier>
    </Filter>
    <Filter Include="리소스 파일\Enemy">
      <UniqueIdentifier>{31e166c0-a2b1-4629-8d7a-76992a457187}</UniqueIdentifier>
    </Filter>
    <Filter Include="리소스 파일\Player">
      <UniqueIdentifier>{21922205-1064-4c85-a9ad-43333219cd60}</UniqueIdentifier>
    </Filter>
    <Filter Include="리소스 파일\Button">
      <UniqueIdentifier>{ec53c629-aa5f-424a-bfe4-1ed2b60d0950}</UniqueIdentifier>
    </Filter>
  </ItemGroup>
  <ItemGroup>
    <ClCompile Include="main.cpp">
      <Filter>소스 파일</Filter>
    </ClCompile>
    <ClCompile Include="Game.cpp">
      <Filter>소스 파일\Game</Filter>
    </ClCompile>
    <ClCompile Include="GameState.cpp">
      <Filter>소스 파일\Game</Filter>
    </ClCompile>
    <ClCompile Include="GameWindow.cpp">
      <Filter>소스 파일\Utils</Filter>
    </ClCompile>
    <ClCompile Include="Graphics.cpp">
      <Filter>소스 파일\Graphics</Filter>
    </ClCompile>
    <ClCompile Include="GameTimer.cpp">
      <Filter>소스 파일\Utils</Filter>
    </ClCompile>
    <ClCompile Include="Input.cpp">
      <Filter>소스 파일\Input</Filter>
    </ClCompile>
    <ClCompile Include="Shader.cpp">
      <Filter>소스 파일\Graphics</Filter>
    </ClCompile>
    <ClCompile Include="VertexArray.cpp">
      <Filter>소스 파일\Graphics</Filter>
    </ClCompile>
    <ClCompile Include="Texture.cpp">
      <Filter>소스 파일\Graphics</Filter>
    </ClCompile>
    <ClCompile Include="GameObject.cpp">
      <Filter>소스 파일\Game\Object</Filter>
    </ClCompile>
    <ClCompile Include="Title.cpp">
      <Filter>소스 파일\Game\Level</Filter>
    </ClCompile>
    <ClCompile Include="Button.cpp">
      <Filter>소스 파일\Game\Object</Filter>
    </ClCompile>
    <ClCompile Include="Background.cpp">
      <Filter>소스 파일\Game\Object</Filter>
    </ClCompile>
    <ClCompile Include="Stage1.cpp">
      <Filter>소스 파일\Game\Level</Filter>
    </ClCompile>
    <ClCompile Include="View.cpp">
      <Filter>소스 파일\Graphics</Filter>
    </ClCompile>
    <ClCompile Include="Introduce.cpp">
      <Filter>소스 파일\Game\Level</Filter>
    </ClCompile>
    <ClCompile Include="Credit.cpp">
      <Filter>소스 파일\Game\Level</Filter>
    </ClCompile>
    <ClCompile Include="Ranking.cpp">
      <Filter>소스 파일\Game\Level</Filter>
    </ClCompile>
    <ClCompile Include="HowToPlay.cpp">
      <Filter>소스 파일\Game\Level</Filter>
    </ClCompile>
    <ClCompile Include="ButtonCallbacks.cpp">
      <Filter>소스 파일\Game\Object</Filter>
    </ClCompile>
    <ClCompile Include="Submarine.cpp">
      <Filter>소스 파일\Game\Object</Filter>
    </ClCompile>
    <ClCompile Include="ImageConstants.cpp">
      <Filter>소스 파일\Utils</Filter>
    </ClCompile>
    <ClCompile Include="Collision.cpp">
      <Filter>소스 파일\Utils</Filter>
    </ClCompile>
    <ClCompile Include="Torpedo.cpp">
      <Filter>소스 파일\Game\Object</Filter>
    </ClCompile>
    <ClCompile Include="Enemy1.cpp">
      <Filter>소스 파일\Game\Object</Filter>
    </ClCompile>
    <ClCompile Include="Bullet.cpp">
      <Filter>소스 파일\Game\Object</Filter>
    </ClCompile>
  </ItemGroup>
  <ItemGroup>
    <ClInclude Include="Game.h">
      <Filter>헤더 파일\Game</Filter>
    </ClInclude>
    <ClInclude Include="GameConstants.h">
      <Filter>헤더 파일\Game</Filter>
    </ClInclude>
    <ClInclude Include="GameState.h">
      <Filter>헤더 파일\Game</Filter>
    </ClInclude>
    <ClInclude Include="GameWindow.h">
      <Filter>헤더 파일\Utils</Filter>
    </ClInclude>
    <ClInclude Include="Graphics.h">
      <Filter>헤더 파일\Graphcis</Filter>
    </ClInclude>
    <ClInclude Include="GameTimer.h">
      <Filter>헤더 파일\Utils</Filter>
    </ClInclude>
    <ClInclude Include="Input.h">
      <Filter>헤더 파일\Input</Filter>
    </ClInclude>
    <ClInclude Include="Shader.h">
      <Filter>헤더 파일\Graphcis</Filter>
    </ClInclude>
    <ClInclude Include="VertexArray.h">
      <Filter>헤더 파일\Graphcis</Filter>
    </ClInclude>
    <ClInclude Include="Texture.h">
      <Filter>헤더 파일\Graphcis</Filter>
    </ClInclude>
    <ClInclude Include="GameLevel.h">
      <Filter>헤더 파일\Game\Level</Filter>
    </ClInclude>
    <ClInclude Include="GameObject.h">
      <Filter>헤더 파일\Game\Object</Filter>
    </ClInclude>
    <ClInclude Include="Title.h">
      <Filter>헤더 파일\Game\Level</Filter>
    </ClInclude>
    <ClInclude Include="Button.h">
      <Filter>헤더 파일\Game\Object</Filter>
    </ClInclude>
    <ClInclude Include="Background.h">
      <Filter>헤더 파일\Game\Object</Filter>
    </ClInclude>
    <ClInclude Include="View.h">
      <Filter>헤더 파일\Graphcis</Filter>
    </ClInclude>
    <ClInclude Include="Introduce.h">
      <Filter>헤더 파일\Game\Level</Filter>
    </ClInclude>
    <ClInclude Include="Credit.h">
      <Filter>헤더 파일\Game\Level</Filter>
    </ClInclude>
    <ClInclude Include="Ranking.h">
      <Filter>헤더 파일\Game\Level</Filter>
    </ClInclude>
    <ClInclude Include="HowToPlay.h">
      <Filter>헤더 파일\Game\Level</Filter>
    </ClInclude>
    <ClInclude Include="ButtonCallbacks.h">
      <Filter>헤더 파일\Game\Object</Filter>
    </ClInclude>
    <ClInclude Include="Stage1.h">
      <Filter>헤더 파일\Game\Level</Filter>
    </ClInclude>
    <ClInclude Include="Submarine.h">
      <Filter>헤더 파일\Game\Object</Filter>
    </ClInclude>
    <ClInclude Include="ImageConstants.h">
      <Filter>헤더 파일\Utils</Filter>
    </ClInclude>
    <ClInclude Include="Collision.h">
      <Filter>헤더 파일\Utils</Filter>
    </ClInclude>
    <ClInclude Include="Torpedo.h">
      <Filter>헤더 파일\Game\Object</Filter>
    </ClInclude>
    <ClInclude Include="Enemy1.h">
      <Filter>헤더 파일\Game\Object</Filter>
    </ClInclude>
    <ClInclude Include="Bullet.h">
      <Filter>헤더 파일\Game\Object</Filter>
    </ClInclude>
    <ClInclude Include="SubmarineObserver.h">
      <Filter>헤더 파일\Game\Object</Filter>
    </ClInclude>
  </ItemGroup>
  <ItemGroup>
    <FxCompile Include="VertexShader.hlsl">
      <Filter>Shaders</Filter>
    </FxCompile>
    <FxCompile Include="PixelShader.hlsl">
      <Filter>Shaders</Filter>
    </FxCompile>
  </ItemGroup>
  <ItemGroup>
    <Image Include="res\Number.dds">
      <Filter>리소스 파일</Filter>
    </Image>
    <Image Include="res\Text.dds">
      <Filter>리소스 파일</Filter>
    </Image>
    <Image Include="res\Text_R.dds">
      <Filter>리소스 파일</Filter>
    </Image>
    <Image Include="res\Background\Credit.dds">
      <Filter>리소스 파일\Background</Filter>
    </Image>
    <Image Include="res\Background\HowToPlay.dds">
      <Filter>리소스 파일\Background</Filter>
    </Image>
    <Image Include="res\Background\Introduce.dds">
      <Filter>리소스 파일\Background</Filter>
    </Image>
    <Image Include="res\Background\Stage1.dds">
      <Filter>리소스 파일\Background</Filter>
    </Image>
    <Image Include="res\Background\Stage1_2.dds">
      <Filter>리소스 파일\Background</Filter>
    </Image>
    <Image Include="res\Background\Stage2.dds">
      <Filter>리소스 파일\Background</Filter>
    </Image>
    <Image Include="res\Background\Stage2_2.dds">
      <Filter>리소스 파일\Background</Filter>
    </Image>
    <Image Include="res\Background\Title.dds">
      <Filter>리소스 파일\Background</Filter>
    </Image>
    <Image Include="res\Enemy\BigBullet_G.dds">
      <Filter>리소스 파일\Enemy</Filter>
    </Image>
    <Image Include="res\Enemy\BigBullet_R.dds">
      <Filter>리소스 파일\Enemy</Filter>
    </Image>
    <Image Include="res\Enemy\BigBullet_Y.dds">
      <Filter>리소스 파일\Enemy</Filter>
    </Image>
    <Image Include="res\Enemy\Bullet_G.dds">
      <Filter>리소스 파일\Enemy</Filter>
    </Image>
    <Image Include="res\Enemy\Bullet_R.dds">
      <Filter>리소스 파일\Enemy</Filter>
    </Image>
    <Image Include="res\Enemy\Bullet_Y.dds">
      <Filter>리소스 파일\Enemy</Filter>
    </Image>
    <Image Include="res\Enemy\Jellyfish.dds">
      <Filter>리소스 파일\Enemy</Filter>
    </Image>
    <Image Include="res\Enemy\Monster1.dds">
      <Filter>리소스 파일\Enemy</Filter>
    </Image>
    <Image Include="res\Enemy\Monster2.dds">
      <Filter>리소스 파일\Enemy</Filter>
    </Image>
    <Image Include="res\Enemy\Monster3.dds">
      <Filter>리소스 파일\Enemy</Filter>
    </Image>
    <Image Include="res\Enemy\Monster4.dds">
      <Filter>리소스 파일\Enemy</Filter>
    </Image>
    <Image Include="res\Enemy\Seonge.dds">
      <Filter>리소스 파일\Enemy</Filter>
    </Image>
    <Image Include="res\Enemy\Starfish.dds">
      <Filter>리소스 파일\Enemy</Filter>
    </Image>
    <Image Include="res\Player\Homing.dds">
      <Filter>리소스 파일\Player</Filter>
    </Image>
    <Image Include="res\Player\Nuclear.dds">
      <Filter>리소스 파일\Player</Filter>
    </Image>
    <Image Include="res\Player\Submarine.dds">
      <Filter>리소스 파일\Player</Filter>
    </Image>
    <Image Include="res\Player\Submarine_2.dds">
      <Filter>리소스 파일\Player</Filter>
    </Image>
    <Image Include="res\Player\Threeway.dds">
      <Filter>리소스 파일\Player</Filter>
    </Image>
    <Image Include="res\Player\Torpedo.dds">
      <Filter>리소스 파일\Player</Filter>
    </Image>
    <Image Include="res\Button\Credit.dds">
      <Filter>리소스 파일\Button</Filter>
    </Image>
    <Image Include="res\Button\Credit_r.dds">
      <Filter>리소스 파일\Button</Filter>
    </Image>
    <Image Include="res\Button\HowToPlay.dds">
      <Filter>리소스 파일\Button</Filter>
    </Image>
    <Image Include="res\Button\HowToPlay_r.dds">
      <Filter>리소스 파일\Button</Filter>
    </Image>
    <Image Include="res\Button\Introduce.dds">
      <Filter>리소스 파일\Button</Filter>
    </Image>
    <Image Include="res\Button\Introduce_r.dds">
      <Filter>리소스 파일\Button</Filter>
    </Image>
    <Image Include="res\Button\Quit.dds">
      <Filter>리소스 파일\Button</Filter>
    </Image>
    <Image Include="res\Button\Quit_r.dds">
      <Filter>리소스 파일\Button</Filter>
    </Image>
    <Image Include="res\Button\Ranking.dds">
      <Filter>리소스 파일\Button</Filter>
    </Image>
    <Image Include="res\Button\Ranking_r.dds">
      <Filter>리소스 파일\Button</Filter>
    </Image>
    <Image Include="res\Button\Start.dds">
      <Filter>리소스 파일\Button</Filter>
    </Image>
    <Image Include="res\Button\Start_r.dds">
      <Filter>리소스 파일\Button</Filter>
    </Image>
  </ItemGroup>
</Project>